schema: '2.0'
stages:
  extract:
    cmd: python src/pipelines/extract.py
    deps:
    - path: src/pipelines/extract.py
      hash: md5
      md5: 156283d6f082cb233bacecedb4d1c876
      size: 5961
    params:
      params.yaml:
        extract.end_year: 2024
        extract.output_path: data/raw/
        extract.start_year: 2018
    outs:
    - path: data/raw/
      hash: md5
      md5: ea33fa08bbb3036abf7595b2887f9128.dir
      size: 15797630
      nfiles: 8
